
Microsoft Visual Studio Solution File, Format Version 12.00
# Visual Studio 2012
Project("{FAE04EC0-301F-11D3-BF4B-00C04F79EFBC}") = "KE2014", "KE2014\KE2014.csproj", "{04540D0B-9179-4EC9-8791-760E7BF19F0B}"
EndProject
Global
	GlobalSection(SolutionConfigurationPlatforms) = preSolution
		Debug|Any CPU = Debug|Any CPU
		Release|Any CPU = Release|Any CPU
	EndGlobalSection
	GlobalSection(ProjectConfigurationPlatforms) = postSolution
		{04540D0B-9179-4EC9-8791-760E7BF19F0B}.Debug|Any CPU.ActiveCfg = Debug|Any CPU
		{04540D0B-9179-4EC9-8791-760E7BF19F0B}.Debug|Any CPU.Build.0 = Debug|Any CPU
		{04540D0B-9179-4EC9-8791-760E7BF19F0B}.Release|Any CPU.ActiveCfg = Release|Any CPU
		{04540D0B-9179-4EC9-8791-760E7BF19F0B}.Release|Any CPU.Build.0 = Release|Any CPU
	EndGlobalSection
	GlobalSection(SolutionProperties) = preSolution
		HideSolutionNode = FALSE
	EndGlobalSection
EndGlobal
